# This is a Gradle generated file for dependency locking.
# Manual edits can break the build and are not advised.
# This file is expected to be part of source control.
com.fasterxml.jackson:jackson-bom:2.16.1=compileClasspath,runtimeClasspath,testCompileClasspath,testRuntimeClasspath
com.github.luben:zstd-jni:1.5.6-3=runtimeClasspath,testRuntimeClasspath
com.google.protobuf:protobuf-java:3.25.8=compileClasspath,runtimeClasspath,testCompileClasspath,testRuntimeClasspath
io.grpc:grpc-bom:1.68.3=compileClasspath,runtimeClasspath,testCompileClasspath,testRuntimeClasspath
io.netty:netty-bom:4.1.118.Final=compileClasspath,runtimeClasspath,testCompileClasspath,testRuntimeClasspath
org.apache.kafka:kafka-clients:7.7.0-ccs=compileClasspath,runtimeClasspath,testCompileClasspath,testRuntimeClasspath
org.eclipse.jetty:jetty-bom:11.0.24=compileClasspath,runtimeClasspath,testCompileClasspath,testRuntimeClasspath
org.hypertrace.bom:hypertrace-bom:0.3.55=compileClasspath,runtimeClasspath,testCompileClasspath,testRuntimeClasspath
org.hypertrace.core.kafkastreams.framework:kafka-bom:0.6.0=compileClasspath,runtimeClasspath,testCompileClasspath,testRuntimeClasspath
org.lz4:lz4-java:1.8.0=runtimeClasspath,testRuntimeClasspath
org.slf4j:slf4j-api:2.0.7=runtimeClasspath,testRuntimeClasspath
org.xerial.snappy:snappy-java:1.1.10.5=runtimeClasspath,testRuntimeClasspath
empty=annotationProcessor
