# This is a Gradle generated file for dependency locking.
# Manual edits can break the build and are not advised.
# This file is expected to be part of source control.
aopalliance:aopalliance:1.0=runtimeClasspath,testRuntimeClasspath
com.auth0:java-jwt:4.4.0=runtimeClasspath,testRuntimeClasspath
com.auth0:jwks-rsa:0.22.0=runtimeClasspath,testRuntimeClasspath
com.fasterxml.jackson.core:jackson-annotations:2.16.1=runtimeClasspath,testRuntimeClasspath
com.fasterxml.jackson.core:jackson-core:2.16.1=runtimeClasspath,testRuntimeClasspath
com.fasterxml.jackson.core:jackson-databind:2.16.1=runtimeClasspath,testRuntimeClasspath
com.fasterxml.jackson:jackson-bom:2.16.1=compileClasspath,runtimeClasspath,testCompileClasspath,testRuntimeClasspath
com.github.luben:zstd-jni:1.5.6-3=runtimeClasspath,testRuntimeClasspath
com.github.rholder:guava-retrying:2.0.0=runtimeClasspath,testRuntimeClasspath
com.github.seancfoley:ipaddress:5.3.4=runtimeClasspath,testRuntimeClasspath
com.google.android:annotations:4.1.1.4=runtimeClasspath,testRuntimeClasspath
com.google.api.grpc:proto-google-common-protos:2.22.0=compileClasspath,runtimeClasspath,testCompileClasspath,testRuntimeClasspath
com.google.code.findbugs:jsr305:3.0.2=compileClasspath,runtimeClasspath,testCompileClasspath,testRuntimeClasspath
com.google.code.gson:gson:2.10.1=runtimeClasspath,testRuntimeClasspath
com.google.errorprone:error_prone_annotations:2.20.0=compileClasspath,runtimeClasspath,testCompileClasspath,testRuntimeClasspath
com.google.guava:failureaccess:1.0.1=compileClasspath,runtimeClasspath,testCompileClasspath,testRuntimeClasspath
com.google.guava:guava-parent:32.1.2-jre=compileClasspath,runtimeClasspath,testCompileClasspath,testRuntimeClasspath
com.google.guava:guava:32.1.2-jre=compileClasspath,runtimeClasspath,testCompileClasspath,testRuntimeClasspath
com.google.guava:listenablefuture:9999.0-empty-to-avoid-conflict-with-guava=compileClasspath,runtimeClasspath,testCompileClasspath,testRuntimeClasspath
com.google.inject:guice:7.0.0=runtimeClasspath,testRuntimeClasspath
com.google.j2objc:j2objc-annotations:2.8=compileClasspath,runtimeClasspath,testCompileClasspath,testRuntimeClasspath
com.google.protobuf:protobuf-java-util:3.25.5=runtimeClasspath,testRuntimeClasspath
com.google.protobuf:protobuf-java:3.25.5=compileClasspath,runtimeClasspath,testCompileClasspath,testRuntimeClasspath
com.google.re2j:re2j:1.7=runtimeClasspath,testRuntimeClasspath
com.helger:profiler:1.1.1=runtimeClasspath,testRuntimeClasspath
com.typesafe:config:1.4.2=compileClasspath,runtimeClasspath,testCompileClasspath,testRuntimeClasspath
commons-codec:commons-codec:1.15=runtimeClasspath,testRuntimeClasspath
commons-io:commons-io:2.14.0=runtimeClasspath,testRuntimeClasspath
commons-logging:commons-logging:1.2=runtimeClasspath,testRuntimeClasspath
io.dropwizard.metrics:metrics-core:4.2.16=runtimeClasspath,testRuntimeClasspath
io.dropwizard.metrics:metrics-healthchecks:4.2.16=runtimeClasspath,testRuntimeClasspath
io.dropwizard.metrics:metrics-json:4.2.16=runtimeClasspath,testRuntimeClasspath
io.dropwizard.metrics:metrics-jvm:4.2.16=runtimeClasspath,testRuntimeClasspath
io.dropwizard.metrics:metrics-servlets:4.2.16=runtimeClasspath,testRuntimeClasspath
io.github.mweirauch:micrometer-jvm-extras:0.2.2=runtimeClasspath,testRuntimeClasspath
io.grpc:grpc-api:1.60.0=compileClasspath,runtimeClasspath,testCompileClasspath,testRuntimeClasspath
io.grpc:grpc-bom:1.60.0=compileClasspath,runtimeClasspath,testCompileClasspath,testRuntimeClasspath
io.grpc:grpc-context:1.60.0=compileClasspath,runtimeClasspath,testCompileClasspath,testRuntimeClasspath
io.grpc:grpc-core:1.60.0=compileClasspath,runtimeClasspath,testCompileClasspath,testRuntimeClasspath
io.grpc:grpc-inprocess:1.60.0=compileClasspath,runtimeClasspath,testCompileClasspath,testRuntimeClasspath
io.grpc:grpc-netty:1.60.0=runtimeClasspath,testRuntimeClasspath
io.grpc:grpc-protobuf-lite:1.60.0=compileClasspath,runtimeClasspath,testCompileClasspath,testRuntimeClasspath
io.grpc:grpc-protobuf:1.60.0=compileClasspath,runtimeClasspath,testCompileClasspath,testRuntimeClasspath
io.grpc:grpc-services:1.60.0=compileClasspath,runtimeClasspath,testCompileClasspath,testRuntimeClasspath
io.grpc:grpc-stub:1.60.0=compileClasspath,runtimeClasspath,testCompileClasspath,testRuntimeClasspath
io.grpc:grpc-util:1.60.0=compileClasspath,runtimeClasspath,testCompileClasspath,testRuntimeClasspath
io.micrometer:micrometer-commons:1.10.2=runtimeClasspath,testRuntimeClasspath
io.micrometer:micrometer-core:1.10.2=runtimeClasspath,testRuntimeClasspath
io.micrometer:micrometer-observation:1.10.2=runtimeClasspath,testRuntimeClasspath
io.micrometer:micrometer-registry-prometheus:1.10.2=runtimeClasspath,testRuntimeClasspath
io.netty:netty-bom:4.1.108.Final=compileClasspath,runtimeClasspath,testCompileClasspath,testRuntimeClasspath
io.netty:netty-buffer:4.1.108.Final=runtimeClasspath,testRuntimeClasspath
io.netty:netty-codec-http2:4.1.108.Final=runtimeClasspath,testRuntimeClasspath
io.netty:netty-codec-http:4.1.108.Final=runtimeClasspath,testRuntimeClasspath
io.netty:netty-codec-socks:4.1.108.Final=runtimeClasspath,testRuntimeClasspath
io.netty:netty-codec:4.1.108.Final=runtimeClasspath,testRuntimeClasspath
io.netty:netty-common:4.1.108.Final=runtimeClasspath,testRuntimeClasspath
io.netty:netty-handler-proxy:4.1.108.Final=runtimeClasspath,testRuntimeClasspath
io.netty:netty-handler:4.1.108.Final=runtimeClasspath,testRuntimeClasspath
io.netty:netty-resolver:4.1.108.Final=runtimeClasspath,testRuntimeClasspath
io.netty:netty-transport-native-unix-common:4.1.108.Final=runtimeClasspath,testRuntimeClasspath
io.netty:netty-transport:4.1.108.Final=runtimeClasspath,testRuntimeClasspath
io.perfmark:perfmark-api:0.26.0=runtimeClasspath,testRuntimeClasspath
io.prometheus:simpleclient:0.16.0=runtimeClasspath,testRuntimeClasspath
io.prometheus:simpleclient_common:0.16.0=runtimeClasspath,testRuntimeClasspath
io.prometheus:simpleclient_dropwizard:0.12.0=runtimeClasspath,testRuntimeClasspath
io.prometheus:simpleclient_pushgateway:0.12.0=runtimeClasspath,testRuntimeClasspath
io.prometheus:simpleclient_servlet:0.12.0=runtimeClasspath,testRuntimeClasspath
io.prometheus:simpleclient_servlet_common:0.12.0=runtimeClasspath,testRuntimeClasspath
io.prometheus:simpleclient_tracer_common:0.16.0=runtimeClasspath,testRuntimeClasspath
io.prometheus:simpleclient_tracer_otel:0.16.0=runtimeClasspath,testRuntimeClasspath
io.prometheus:simpleclient_tracer_otel_agent:0.16.0=runtimeClasspath,testRuntimeClasspath
io.reactivex.rxjava3:rxjava:3.1.7=runtimeClasspath,testRuntimeClasspath
jakarta.inject:jakarta.inject-api:2.0.1=runtimeClasspath,testRuntimeClasspath
javax.annotation:javax.annotation-api:1.3.2=compileClasspath,runtimeClasspath,testCompileClasspath,testRuntimeClasspath
javax.servlet:javax.servlet-api:3.1.0=runtimeClasspath,testRuntimeClasspath
javax.xml.bind:jaxb-api:2.3.0=runtimeClasspath,testRuntimeClasspath
net.jodah:failsafe:2.4.4=runtimeClasspath,testRuntimeClasspath
org.apache.commons:commons-collections4:4.4=runtimeClasspath,testRuntimeClasspath
org.apache.commons:commons-dbcp2:2.9.0=runtimeClasspath,testRuntimeClasspath
org.apache.commons:commons-lang3:3.12.0=runtimeClasspath,testRuntimeClasspath
org.apache.commons:commons-pool2:2.10.0=runtimeClasspath,testRuntimeClasspath
org.apache.httpcomponents:httpclient:4.5.13=runtimeClasspath,testRuntimeClasspath
org.apache.httpcomponents:httpcore:4.4.13=runtimeClasspath,testRuntimeClasspath
org.apache.kafka:kafka-clients:7.7.0-ccs=compileClasspath,runtimeClasspath,testCompileClasspath,testRuntimeClasspath
org.checkerframework:checker-qual:3.33.0=compileClasspath,runtimeClasspath,testCompileClasspath,testRuntimeClasspath
org.codehaus.mojo:animal-sniffer-annotations:1.23=runtimeClasspath,testRuntimeClasspath
org.eclipse.jetty:jetty-http:9.4.53.v20231009=runtimeClasspath,testRuntimeClasspath
org.eclipse.jetty:jetty-io:9.4.53.v20231009=runtimeClasspath,testRuntimeClasspath
org.eclipse.jetty:jetty-security:9.4.53.v20231009=runtimeClasspath,testRuntimeClasspath
org.eclipse.jetty:jetty-server:9.4.53.v20231009=runtimeClasspath,testRuntimeClasspath
org.eclipse.jetty:jetty-servlet:9.4.53.v20231009=runtimeClasspath,testRuntimeClasspath
org.eclipse.jetty:jetty-util-ajax:9.4.53.v20231009=runtimeClasspath,testRuntimeClasspath
org.eclipse.jetty:jetty-util:9.4.53.v20231009=runtimeClasspath,testRuntimeClasspath
org.hdrhistogram:HdrHistogram:2.1.12=runtimeClasspath,testRuntimeClasspath
org.hypertrace.bom:hypertrace-bom:0.3.32=compileClasspath,runtimeClasspath,testCompileClasspath,testRuntimeClasspath
org.hypertrace.core.documentstore:document-store:0.7.68=compileClasspath,runtimeClasspath,testCompileClasspath,testRuntimeClasspath
org.hypertrace.core.eventstore:event-store:0.1.4=runtimeClasspath,testRuntimeClasspath
org.hypertrace.core.grpcutils:grpc-client-rx-utils:0.13.6=runtimeClasspath,testRuntimeClasspath
org.hypertrace.core.grpcutils:grpc-client-utils:0.13.6=compileClasspath,runtimeClasspath,testCompileClasspath,testRuntimeClasspath
org.hypertrace.core.grpcutils:grpc-context-utils:0.13.6=compileClasspath,runtimeClasspath,testCompileClasspath,testRuntimeClasspath
org.hypertrace.core.grpcutils:grpc-server-rx-utils:0.13.6=runtimeClasspath,testRuntimeClasspath
org.hypertrace.core.grpcutils:grpc-server-utils:0.13.6=runtimeClasspath,testRuntimeClasspath
org.hypertrace.core.kafkastreams.framework:kafka-bom:0.5.1=compileClasspath,runtimeClasspath,testCompileClasspath,testRuntimeClasspath
org.hypertrace.core.serviceframework:docstore-metrics:0.1.79=compileClasspath,runtimeClasspath,testCompileClasspath,testRuntimeClasspath
org.hypertrace.core.serviceframework:platform-grpc-service-framework:0.1.79=compileClasspath,runtimeClasspath,testCompileClasspath,testRuntimeClasspath
org.hypertrace.core.serviceframework:platform-metrics:0.1.79=runtimeClasspath,testRuntimeClasspath
org.hypertrace.core.serviceframework:platform-service-framework:0.1.79=compileClasspath,runtimeClasspath,testCompileClasspath,testRuntimeClasspath
org.hypertrace.core.serviceframework:service-framework-spi:0.1.79=compileClasspath,runtimeClasspath,testCompileClasspath,testRuntimeClasspath
org.latencyutils:LatencyUtils:2.0.3=runtimeClasspath,testRuntimeClasspath
org.lz4:lz4-java:1.8.0=runtimeClasspath,testRuntimeClasspath
org.mongodb:bson-record-codec:4.9.0=runtimeClasspath,testRuntimeClasspath
org.mongodb:bson:4.9.0=runtimeClasspath,testRuntimeClasspath
org.mongodb:mongodb-driver-core:4.9.0=runtimeClasspath,testRuntimeClasspath
org.mongodb:mongodb-driver-sync:4.9.0=runtimeClasspath,testRuntimeClasspath
org.postgresql:postgresql:42.5.5=runtimeClasspath,testRuntimeClasspath
org.reactivestreams:reactive-streams:1.0.4=runtimeClasspath,testRuntimeClasspath
org.slf4j:slf4j-api:2.0.7=compileClasspath,runtimeClasspath,testCompileClasspath,testRuntimeClasspath
org.xerial.snappy:snappy-java:1.1.10.5=runtimeClasspath,testRuntimeClasspath
empty=annotationProcessor
