# This is a Gradle generated file for dependency locking.
# Manual edits can break the build and are not advised.
# This file is expected to be part of source control.
ai.traceable.bom:traceable-bom:0.3.428=compileClasspath,runtimeClasspath,testCompileClasspath,testRuntimeClasspath
ai.traceable.config.service:api-attribute-override-service-api:0.36.188=runtimeClasspath,testRuntimeClasspath
ai.traceable.config.service:data-classification-config-service-api:0.36.188=runtimeClasspath,testRuntimeClasspath
ai.traceable.config.service:iprange-config-service-api:0.36.188=runtimeClasspath,testRuntimeClasspath
ai.traceable.config.service:malicious-sources-config-service-api:0.36.188=runtimeClasspath,testRuntimeClasspath
ai.traceable.config.service:rate-limiting-config-service-api:0.36.188=runtimeClasspath,testRuntimeClasspath
ai.traceable.featureflag:feature-flag-future-client:0.7.0=runtimeClasspath,testRuntimeClasspath
ai.traceable.featureflag:feature-flag-service-api:0.7.0=runtimeClasspath,testRuntimeClasspath
ai.traceable.libinjection:sql:0.4.0=runtimeClasspath,testRuntimeClasspath
ai.traceable.libinjection:xss:0.4.0=runtimeClasspath,testRuntimeClasspath
ai.traceable.license.metering.service:license-metering-service-api:0.1.62=runtimeClasspath,testRuntimeClasspath
ai.traceable.platform-gateway:api-utils:0.8.39=runtimeClasspath,testRuntimeClasspath
ai.traceable.platform-gateway:cache-provider:0.8.39=compileClasspath,runtimeClasspath,testCompileClasspath,testRuntimeClasspath
ai.traceable.platform-gateway:data-model:0.8.39=runtimeClasspath,testRuntimeClasspath
ai.traceable.platform-gateway:deep-data-store:0.8.39=runtimeClasspath,testRuntimeClasspath
ai.traceable.platform-gateway:event-invalidation-cache:0.8.39=compileClasspath,runtimeClasspath,testCompileClasspath,testRuntimeClasspath
ai.traceable.platform-gateway:ip-utils:0.8.39=compileClasspath,runtimeClasspath,testCompileClasspath,testRuntimeClasspath
ai.traceable.platform-gateway:traceable-raw-span-constants:0.8.39=runtimeClasspath,testRuntimeClasspath
ai.traceable.platform-gateway:training-evaluation-framework:0.8.39=runtimeClasspath,testRuntimeClasspath
ai.traceable.platform-gateway:xml-utils:0.8.39=runtimeClasspath,testRuntimeClasspath
ai.traceable.platform:actor-service-api:0.2.135=compileClasspath,runtimeClasspath,testCompileClasspath,testRuntimeClasspath
ai.traceable.platform:anomaly-decision-engine-api:3.0.9=runtimeClasspath,testRuntimeClasspath
ai.traceable.platform:api-inspection-api:1.0.275=runtimeClasspath,testRuntimeClasspath
ai.traceable.platform:api-naming-constants:5.0.16=runtimeClasspath,testRuntimeClasspath
ai.traceable.platform:conditions-matcher:1.0.275=runtimeClasspath,testRuntimeClasspath
ai.traceable.platform:config-providers:1.0.275=compileClasspath,runtimeClasspath,testCompileClasspath,testRuntimeClasspath
ai.traceable.platform:enriched-span-constants:4.0.64=runtimeClasspath,testRuntimeClasspath
ai.traceable.platform:session-constants:1.0.5=runtimeClasspath,testRuntimeClasspath
ai.traceable.platform:trace-data-parser:1.0.275=runtimeClasspath,testRuntimeClasspath
ai.traceable.platform:trace-enricher-api:4.0.64=runtimeClasspath,testRuntimeClasspath
ai.traceable.platform:trace-enricher-constants:4.0.64=runtimeClasspath,testRuntimeClasspath
ai.traceable.platform:view-generation-api:1.0.80=runtimeClasspath,testRuntimeClasspath
aopalliance:aopalliance:1.0=compileClasspath,runtimeClasspath,testCompileClasspath,testRuntimeClasspath
ch.qos.logback:logback-classic:1.2.13=runtimeClasspath,testRuntimeClasspath
ch.qos.logback:logback-core:1.2.13=runtimeClasspath,testRuntimeClasspath
ch.qos.reload4j:reload4j:1.2.22=runtimeClasspath,testRuntimeClasspath
com.auth0:java-jwt:4.4.0=runtimeClasspath,testRuntimeClasspath
com.auth0:jwks-rsa:0.22.0=runtimeClasspath,testRuntimeClasspath
com.fasterxml.jackson.core:jackson-annotations:2.16.1=runtimeClasspath,testRuntimeClasspath
com.fasterxml.jackson.core:jackson-core:2.16.1=runtimeClasspath,testRuntimeClasspath
com.fasterxml.jackson.core:jackson-databind:2.16.1=runtimeClasspath,testRuntimeClasspath
com.fasterxml.jackson.dataformat:jackson-dataformat-yaml:2.16.1=runtimeClasspath,testRuntimeClasspath
com.fasterxml.jackson:jackson-bom:2.16.1=compileClasspath,runtimeClasspath,testCompileClasspath,testRuntimeClasspath
com.fasterxml.woodstox:woodstox-core:5.4.0=runtimeClasspath,testRuntimeClasspath
com.github.f4b6a3:uuid-creator:5.3.2=runtimeClasspath,testRuntimeClasspath
com.github.jsqlparser:jsqlparser:2.0=runtimeClasspath,testRuntimeClasspath
com.github.luben:zstd-jni:1.5.5-1=runtimeClasspath,testRuntimeClasspath
com.github.rholder:guava-retrying:2.0.0=runtimeClasspath,testRuntimeClasspath
com.github.seancfoley:ipaddress:5.3.4=compileClasspath,runtimeClasspath,testCompileClasspath,testRuntimeClasspath
com.github.stephenc.jcip:jcip-annotations:1.0-1=runtimeClasspath,testRuntimeClasspath
com.google.android:annotations:4.1.1.4=runtimeClasspath,testRuntimeClasspath
com.google.api-client:google-api-client-jackson2:1.32.2=runtimeClasspath,testRuntimeClasspath
com.google.api-client:google-api-client:1.32.2=runtimeClasspath,testRuntimeClasspath
com.google.api.grpc:grpc-google-cloud-storage-v2:2.2.2-alpha=runtimeClasspath,testRuntimeClasspath
com.google.api.grpc:proto-google-cloud-monitoring-v3:1.64.0=runtimeClasspath,testRuntimeClasspath
com.google.api.grpc:proto-google-cloud-storage-v2:2.2.2-alpha=runtimeClasspath,testRuntimeClasspath
com.google.api.grpc:proto-google-common-protos:2.22.0=compileClasspath,runtimeClasspath,testCompileClasspath,testRuntimeClasspath
com.google.api.grpc:proto-google-iam-v1:1.2.3=runtimeClasspath,testRuntimeClasspath
com.google.api:api-common:2.1.4=runtimeClasspath,testRuntimeClasspath
com.google.api:gax-grpc:2.7.1=runtimeClasspath,testRuntimeClasspath
com.google.api:gax:2.12.2=runtimeClasspath,testRuntimeClasspath
com.google.apis:google-api-services-iamcredentials:v1-rev20210326-1.32.1=runtimeClasspath,testRuntimeClasspath
com.google.apis:google-api-services-storage:v1-rev20211018-1.32.1=runtimeClasspath,testRuntimeClasspath
com.google.auth:google-auth-library-credentials:1.4.0=runtimeClasspath,testRuntimeClasspath
com.google.auth:google-auth-library-oauth2-http:1.4.0=runtimeClasspath,testRuntimeClasspath
com.google.auto.value:auto-value-annotations:1.10.2=runtimeClasspath,testRuntimeClasspath
com.google.cloud.bigdataoss:gcs-connector:hadoop3-2.2.7=runtimeClasspath,testRuntimeClasspath
com.google.cloud.bigdataoss:gcsio:2.2.7=runtimeClasspath,testRuntimeClasspath
com.google.cloud.bigdataoss:util-hadoop:hadoop3-2.2.7=runtimeClasspath,testRuntimeClasspath
com.google.cloud.bigdataoss:util:2.2.7=runtimeClasspath,testRuntimeClasspath
com.google.cloud:google-cloud-core-grpc:1.82.0=runtimeClasspath,testRuntimeClasspath
com.google.cloud:google-cloud-core:2.5.4=runtimeClasspath,testRuntimeClasspath
com.google.cloud:google-cloud-monitoring:1.82.0=runtimeClasspath,testRuntimeClasspath
com.google.code.findbugs:jsr305:3.0.2=compileClasspath,runtimeClasspath,testCompileClasspath,testRuntimeClasspath
com.google.code.gson:gson:2.10.1=compileClasspath,runtimeClasspath,testCompileClasspath,testRuntimeClasspath
com.google.errorprone:error_prone_annotations:2.21.1=compileClasspath,runtimeClasspath,testCompileClasspath,testRuntimeClasspath
com.google.flogger:flogger-slf4j-backend:0.7.4=runtimeClasspath,testRuntimeClasspath
com.google.flogger:flogger-system-backend:0.7.4=runtimeClasspath,testRuntimeClasspath
com.google.flogger:flogger:0.7.4=runtimeClasspath,testRuntimeClasspath
com.google.flogger:google-extensions:0.7.1=runtimeClasspath,testRuntimeClasspath
com.google.guava:failureaccess:1.0.1=compileClasspath,runtimeClasspath,testCompileClasspath,testRuntimeClasspath
com.google.guava:guava:32.1.3-jre=compileClasspath,runtimeClasspath,testCompileClasspath,testRuntimeClasspath
com.google.guava:listenablefuture:9999.0-empty-to-avoid-conflict-with-guava=compileClasspath,runtimeClasspath,testCompileClasspath,testRuntimeClasspath
com.google.http-client:google-http-client-apache-v2:1.40.1=runtimeClasspath,testRuntimeClasspath
com.google.http-client:google-http-client-gson:1.42.0=runtimeClasspath,testRuntimeClasspath
com.google.http-client:google-http-client-jackson2:1.40.1=runtimeClasspath,testRuntimeClasspath
com.google.http-client:google-http-client:1.42.0=runtimeClasspath,testRuntimeClasspath
com.google.inject:guice:6.0.0=compileClasspath,runtimeClasspath,testCompileClasspath,testRuntimeClasspath
com.google.j2objc:j2objc-annotations:2.8=compileClasspath,runtimeClasspath,testCompileClasspath,testRuntimeClasspath
com.google.oauth-client:google-oauth-client:1.34.1=runtimeClasspath,testRuntimeClasspath
com.google.protobuf:protobuf-java-util:3.24.1=compileClasspath,runtimeClasspath,testCompileClasspath,testRuntimeClasspath
com.google.protobuf:protobuf-java:3.24.1=compileClasspath,runtimeClasspath,testCompileClasspath,testRuntimeClasspath
com.google.re2j:re2j:1.7=compileClasspath,runtimeClasspath,testCompileClasspath,testRuntimeClasspath
com.helger:profiler:1.1.1=runtimeClasspath,testRuntimeClasspath
com.ibm.icu:icu4j:69.1=runtimeClasspath,testRuntimeClasspath
com.jayway.jsonpath:json-path:2.9.0=runtimeClasspath,testRuntimeClasspath
com.jcraft:jsch:0.1.55=runtimeClasspath,testRuntimeClasspath
com.lmax:disruptor:3.4.2=runtimeClasspath,testRuntimeClasspath
com.nimbusds:nimbus-jose-jwt:9.37.3=runtimeClasspath,testRuntimeClasspath
com.opencsv:opencsv:5.9=runtimeClasspath,testRuntimeClasspath
com.typesafe:config:1.4.2=compileClasspath,runtimeClasspath,testCompileClasspath,testRuntimeClasspath
commons-beanutils:commons-beanutils:1.9.4=runtimeClasspath,testRuntimeClasspath
commons-cli:commons-cli:1.4=runtimeClasspath,testRuntimeClasspath
commons-codec:commons-codec:1.15=runtimeClasspath,testRuntimeClasspath
commons-collections:commons-collections:3.2.2=runtimeClasspath,testRuntimeClasspath
commons-digester:commons-digester:2.1=runtimeClasspath,testRuntimeClasspath
commons-io:commons-io:2.15.1=runtimeClasspath,testRuntimeClasspath
commons-lang:commons-lang:2.5=runtimeClasspath,testRuntimeClasspath
commons-logging:commons-logging:1.3.0=runtimeClasspath,testRuntimeClasspath
commons-net:commons-net:3.10.0=runtimeClasspath,testRuntimeClasspath
commons-validator:commons-validator:1.7=runtimeClasspath,testRuntimeClasspath
dk.brics.automaton:automaton:1.11-8=runtimeClasspath,testRuntimeClasspath
dnsjava:dnsjava:2.1.7=runtimeClasspath,testRuntimeClasspath
io.dropwizard.metrics:metrics-core:4.2.16=runtimeClasspath,testRuntimeClasspath
io.dropwizard.metrics:metrics-healthchecks:4.2.16=runtimeClasspath,testRuntimeClasspath
io.dropwizard.metrics:metrics-json:4.2.16=runtimeClasspath,testRuntimeClasspath
io.dropwizard.metrics:metrics-jvm:4.2.16=runtimeClasspath,testRuntimeClasspath
io.dropwizard.metrics:metrics-servlets:4.2.16=runtimeClasspath,testRuntimeClasspath
io.github.mweirauch:micrometer-jvm-extras:0.2.2=runtimeClasspath,testRuntimeClasspath
io.grpc:grpc-alts:1.60.0=runtimeClasspath,testRuntimeClasspath
io.grpc:grpc-api:1.60.0=compileClasspath,runtimeClasspath,testCompileClasspath,testRuntimeClasspath
io.grpc:grpc-auth:1.60.0=runtimeClasspath,testRuntimeClasspath
io.grpc:grpc-bom:1.60.0=compileClasspath,runtimeClasspath,testCompileClasspath,testRuntimeClasspath
io.grpc:grpc-census:1.60.0=runtimeClasspath,testRuntimeClasspath
io.grpc:grpc-context:1.60.0=compileClasspath,runtimeClasspath,testCompileClasspath,testRuntimeClasspath
io.grpc:grpc-core:1.60.0=compileClasspath,runtimeClasspath,testCompileClasspath,testRuntimeClasspath
io.grpc:grpc-grpclb:1.60.0=runtimeClasspath,testRuntimeClasspath
io.grpc:grpc-inprocess:1.60.0=compileClasspath,runtimeClasspath,testCompileClasspath,testRuntimeClasspath
io.grpc:grpc-netty-shaded:1.60.0=runtimeClasspath,testRuntimeClasspath
io.grpc:grpc-protobuf-lite:1.60.0=compileClasspath,runtimeClasspath,testCompileClasspath,testRuntimeClasspath
io.grpc:grpc-protobuf:1.60.0=compileClasspath,runtimeClasspath,testCompileClasspath,testRuntimeClasspath
io.grpc:grpc-services:1.60.0=runtimeClasspath,testRuntimeClasspath
io.grpc:grpc-stub:1.60.0=compileClasspath,runtimeClasspath,testCompileClasspath,testRuntimeClasspath
io.grpc:grpc-util:1.60.0=runtimeClasspath,testRuntimeClasspath
io.grpc:grpc-xds:1.60.0=runtimeClasspath,testRuntimeClasspath
io.micrometer:micrometer-commons:1.10.2=runtimeClasspath,testRuntimeClasspath
io.micrometer:micrometer-core:1.10.2=runtimeClasspath,testRuntimeClasspath
io.micrometer:micrometer-observation:1.10.2=runtimeClasspath,testRuntimeClasspath
io.micrometer:micrometer-registry-prometheus:1.10.2=runtimeClasspath,testRuntimeClasspath
io.netty:netty-bom:4.1.108.Final=compileClasspath,runtimeClasspath,testCompileClasspath,testRuntimeClasspath
io.netty:netty-buffer:4.1.108.Final=runtimeClasspath,testRuntimeClasspath
io.netty:netty-codec:4.1.108.Final=runtimeClasspath,testRuntimeClasspath
io.netty:netty-common:4.1.108.Final=runtimeClasspath,testRuntimeClasspath
io.netty:netty-handler:4.1.108.Final=runtimeClasspath,testRuntimeClasspath
io.netty:netty-resolver:4.1.108.Final=runtimeClasspath,testRuntimeClasspath
io.netty:netty-transport-classes-epoll:4.1.108.Final=runtimeClasspath,testRuntimeClasspath
io.netty:netty-transport-native-epoll:4.1.108.Final=runtimeClasspath,testRuntimeClasspath
io.netty:netty-transport-native-unix-common:4.1.108.Final=runtimeClasspath,testRuntimeClasspath
io.netty:netty-transport:4.1.108.Final=runtimeClasspath,testRuntimeClasspath
io.opencensus:opencensus-api:0.31.1=runtimeClasspath,testRuntimeClasspath
io.opencensus:opencensus-contrib-exemplar-util:0.31.0=runtimeClasspath,testRuntimeClasspath
io.opencensus:opencensus-contrib-grpc-metrics:0.31.1=runtimeClasspath,testRuntimeClasspath
io.opencensus:opencensus-contrib-http-util:0.31.1=runtimeClasspath,testRuntimeClasspath
io.opencensus:opencensus-contrib-resource-util:0.31.0=runtimeClasspath,testRuntimeClasspath
io.opencensus:opencensus-exporter-metrics-util:0.31.0=runtimeClasspath,testRuntimeClasspath
io.opencensus:opencensus-exporter-stats-stackdriver:0.31.0=runtimeClasspath,testRuntimeClasspath
io.opencensus:opencensus-impl-core:0.31.0=runtimeClasspath,testRuntimeClasspath
io.opencensus:opencensus-impl:0.31.0=runtimeClasspath,testRuntimeClasspath
io.opencensus:opencensus-proto:0.2.0=runtimeClasspath,testRuntimeClasspath
io.perfmark:perfmark-api:0.26.0=runtimeClasspath,testRuntimeClasspath
io.prometheus:simpleclient:0.16.0=runtimeClasspath,testRuntimeClasspath
io.prometheus:simpleclient_common:0.16.0=runtimeClasspath,testRuntimeClasspath
io.prometheus:simpleclient_dropwizard:0.12.0=runtimeClasspath,testRuntimeClasspath
io.prometheus:simpleclient_pushgateway:0.12.0=runtimeClasspath,testRuntimeClasspath
io.prometheus:simpleclient_servlet:0.12.0=runtimeClasspath,testRuntimeClasspath
io.prometheus:simpleclient_servlet_common:0.12.0=runtimeClasspath,testRuntimeClasspath
io.prometheus:simpleclient_tracer_common:0.16.0=runtimeClasspath,testRuntimeClasspath
io.prometheus:simpleclient_tracer_otel:0.16.0=runtimeClasspath,testRuntimeClasspath
io.prometheus:simpleclient_tracer_otel_agent:0.16.0=runtimeClasspath,testRuntimeClasspath
jakarta.activation:jakarta.activation-api:1.2.1=runtimeClasspath,testRuntimeClasspath
jakarta.inject:jakarta.inject-api:2.0.1=compileClasspath,runtimeClasspath,testCompileClasspath,testRuntimeClasspath
javax.annotation:javax.annotation-api:1.3.2=compileClasspath,runtimeClasspath,testCompileClasspath,testRuntimeClasspath
javax.inject:javax.inject:1=compileClasspath,runtimeClasspath,testCompileClasspath,testRuntimeClasspath
javax.servlet.jsp:jsp-api:2.1=runtimeClasspath,testRuntimeClasspath
javax.servlet:javax.servlet-api:4.0.1=runtimeClasspath,testRuntimeClasspath
javax.xml.bind:jaxb-api:2.3.0=runtimeClasspath,testRuntimeClasspath
net.bytebuddy:byte-buddy-agent:1.14.15=testCompileClasspath,testRuntimeClasspath
net.bytebuddy:byte-buddy:1.14.15=testCompileClasspath,testRuntimeClasspath
net.minidev:accessors-smart:2.5.0=runtimeClasspath,testRuntimeClasspath
net.minidev:json-smart:2.5.0=runtimeClasspath,testRuntimeClasspath
net.sf.ezmorph:ezmorph:1.0.6=runtimeClasspath,testRuntimeClasspath
net.sf.json-lib:json-lib:2.4=runtimeClasspath,testRuntimeClasspath
org.abego.treelayout:org.abego.treelayout.core:1.0.3=runtimeClasspath,testRuntimeClasspath
org.antlr:ST4:4.3.1=runtimeClasspath,testRuntimeClasspath
org.antlr:antlr-runtime:3.5.2=runtimeClasspath,testRuntimeClasspath
org.antlr:antlr4-runtime:4.9.3=runtimeClasspath,testRuntimeClasspath
org.antlr:antlr4:4.9.3=runtimeClasspath,testRuntimeClasspath
org.apache.avro:avro:1.11.3=runtimeClasspath,testRuntimeClasspath
org.apache.commons:commons-collections4:4.4=runtimeClasspath,testRuntimeClasspath
org.apache.commons:commons-compress:1.26.0=runtimeClasspath,testRuntimeClasspath
org.apache.commons:commons-configuration2:2.10.1=runtimeClasspath,testRuntimeClasspath
org.apache.commons:commons-csv:1.10.0=runtimeClasspath,testRuntimeClasspath
org.apache.commons:commons-lang3:3.13.0=testCompileClasspath
org.apache.commons:commons-lang3:3.14.0=runtimeClasspath,testRuntimeClasspath
org.apache.commons:commons-math3:3.1.1=runtimeClasspath,testRuntimeClasspath
org.apache.commons:commons-text:1.11.0=runtimeClasspath,testRuntimeClasspath
org.apache.curator:curator-client:4.2.0=runtimeClasspath,testRuntimeClasspath
org.apache.curator:curator-framework:4.2.0=runtimeClasspath,testRuntimeClasspath
org.apache.curator:curator-recipes:4.2.0=runtimeClasspath,testRuntimeClasspath
org.apache.hadoop.thirdparty:hadoop-shaded-guava:1.1.1=runtimeClasspath,testRuntimeClasspath
org.apache.hadoop:hadoop-annotations:3.3.5=runtimeClasspath,testRuntimeClasspath
org.apache.hadoop:hadoop-auth:3.3.5=runtimeClasspath,testRuntimeClasspath
org.apache.hadoop:hadoop-common:3.3.5=runtimeClasspath,testRuntimeClasspath
org.apache.httpcomponents:httpclient:4.5.14=runtimeClasspath,testRuntimeClasspath
org.apache.httpcomponents:httpcore:4.4.16=runtimeClasspath,testRuntimeClasspath
org.apache.kafka:kafka-clients:7.5.2-ccs=compileClasspath,runtimeClasspath,testCompileClasspath,testRuntimeClasspath
org.apache.yetus:audience-annotations:0.12.0=runtimeClasspath,testRuntimeClasspath
org.apache.zookeeper:zookeeper-jute:3.8.4=runtimeClasspath,testRuntimeClasspath
org.apache.zookeeper:zookeeper:3.8.4=runtimeClasspath,testRuntimeClasspath
org.apiguardian:apiguardian-api:1.1.2=testCompileClasspath
org.checkerframework:checker-compat-qual:2.5.3=runtimeClasspath,testRuntimeClasspath
org.checkerframework:checker-qual:3.37.0=compileClasspath,runtimeClasspath,testCompileClasspath,testRuntimeClasspath
org.codehaus.mojo:animal-sniffer-annotations:1.23=runtimeClasspath,testRuntimeClasspath
org.codehaus.woodstox:stax2-api:4.2.1=runtimeClasspath,testRuntimeClasspath
org.conscrypt:conscrypt-openjdk-uber:2.5.2=runtimeClasspath,testRuntimeClasspath
org.eclipse.jetty:jetty-http:9.4.53.v20231009=runtimeClasspath,testRuntimeClasspath
org.eclipse.jetty:jetty-io:9.4.53.v20231009=runtimeClasspath,testRuntimeClasspath
org.eclipse.jetty:jetty-security:9.4.53.v20231009=runtimeClasspath,testRuntimeClasspath
org.eclipse.jetty:jetty-server:9.4.53.v20231009=runtimeClasspath,testRuntimeClasspath
org.eclipse.jetty:jetty-servlet:9.4.53.v20231009=runtimeClasspath,testRuntimeClasspath
org.eclipse.jetty:jetty-util-ajax:9.4.53.v20231009=runtimeClasspath,testRuntimeClasspath
org.eclipse.jetty:jetty-util:9.4.53.v20231009=runtimeClasspath,testRuntimeClasspath
org.glassfish.jersey:jersey-bom:2.41=compileClasspath,runtimeClasspath,testCompileClasspath,testRuntimeClasspath
org.glassfish:javax.json:1.0.4=runtimeClasspath,testRuntimeClasspath
org.hdrhistogram:HdrHistogram:2.1.12=runtimeClasspath,testRuntimeClasspath
org.hypertrace.bom:hypertrace-bom:0.3.23=compileClasspath,runtimeClasspath,testCompileClasspath,testRuntimeClasspath
org.hypertrace.core.datamodel:data-model:0.1.32=runtimeClasspath,testRuntimeClasspath
org.hypertrace.core.eventstore:event-store:0.1.3=runtimeClasspath,testRuntimeClasspath
org.hypertrace.core.grpcutils:grpc-client-utils:0.13.4=compileClasspath,runtimeClasspath,testCompileClasspath,testRuntimeClasspath
org.hypertrace.core.grpcutils:grpc-context-utils:0.13.4=compileClasspath,runtimeClasspath,testCompileClasspath,testRuntimeClasspath
org.hypertrace.core.kafkastreams.framework:kafka-bom:0.4.10=compileClasspath,runtimeClasspath,testCompileClasspath,testRuntimeClasspath
org.hypertrace.core.serviceframework:platform-metrics:0.1.73=runtimeClasspath,testRuntimeClasspath
org.hypertrace.core.serviceframework:platform-service-framework:0.1.73=runtimeClasspath,testRuntimeClasspath
org.hypertrace.core.serviceframework:service-framework-spi:0.1.73=runtimeClasspath,testRuntimeClasspath
org.hypertrace.core.spannormalizer:raw-span-constants:2.0.4=runtimeClasspath,testRuntimeClasspath
org.hypertrace.core.spannormalizer:semantic-convention-utils:2.0.4=runtimeClasspath,testRuntimeClasspath
org.hypertrace.core.spannormalizer:span-normalizer-constants:2.0.4=runtimeClasspath,testRuntimeClasspath
org.hypertrace.entity.service:entity-service-api:0.8.90=runtimeClasspath,testRuntimeClasspath
org.hypertrace.entity.service:entity-service-change-event-api:0.8.90=runtimeClasspath,testRuntimeClasspath
org.hypertrace.entity.service:entity-service-client:0.8.90=runtimeClasspath,testRuntimeClasspath
org.hypertrace.ingester:semantic-convention-utils:0.9.30=runtimeClasspath,testRuntimeClasspath
org.hypertrace.traceenricher:enriched-span-constants:0.9.30=runtimeClasspath,testRuntimeClasspath
org.jsoup:jsoup:1.15.3=runtimeClasspath,testRuntimeClasspath
org.junit.jupiter:junit-jupiter-api:5.10.2=testCompileClasspath,testRuntimeClasspath
org.junit.jupiter:junit-jupiter-engine:5.10.2=testRuntimeClasspath
org.junit.jupiter:junit-jupiter-params:5.10.2=testCompileClasspath,testRuntimeClasspath
org.junit.jupiter:junit-jupiter:5.10.2=testCompileClasspath,testRuntimeClasspath
org.junit.platform:junit-platform-commons:1.10.2=testCompileClasspath,testRuntimeClasspath
org.junit.platform:junit-platform-engine:1.10.2=testRuntimeClasspath
org.junit:junit-bom:5.10.2=testCompileClasspath,testRuntimeClasspath
org.latencyutils:LatencyUtils:2.0.3=runtimeClasspath,testRuntimeClasspath
org.lz4:lz4-java:1.8.0=runtimeClasspath,testRuntimeClasspath
org.mockito:mockito-core:5.12.0=testCompileClasspath,testRuntimeClasspath
org.mongodb:bson:4.2.0=runtimeClasspath,testRuntimeClasspath
org.objenesis:objenesis:3.3=testRuntimeClasspath
org.opentest4j:opentest4j:1.3.0=testCompileClasspath,testRuntimeClasspath
org.ow2.asm:asm:9.3=runtimeClasspath,testRuntimeClasspath
org.projectlombok:lombok:1.18.30=annotationProcessor,compileClasspath
org.slf4j:slf4j-api:2.0.11=runtimeClasspath,testRuntimeClasspath
org.slf4j:slf4j-api:2.0.7=compileClasspath,testCompileClasspath
org.threeten:threetenbp:1.5.2=runtimeClasspath,testRuntimeClasspath
org.xerial.snappy:snappy-java:1.1.10.5=runtimeClasspath,testRuntimeClasspath
org.yaml:snakeyaml:2.2=runtimeClasspath,testRuntimeClasspath
empty=
