# This is a Gradle generated file for dependency locking.
# Manual edits can break the build and are not advised.
# This file is expected to be part of source control.
com.auth0:java-jwt:4.4.0=runtimeClasspath,testRuntimeClasspath
com.auth0:jwks-rsa:0.22.0=runtimeClasspath,testRuntimeClasspath
com.fasterxml.jackson.core:jackson-annotations:2.16.1=compileClasspath,runtimeClasspath,testCompileClasspath,testRuntimeClasspath
com.fasterxml.jackson.core:jackson-core:2.16.1=compileClasspath,runtimeClasspath,testCompileClasspath,testRuntimeClasspath
com.fasterxml.jackson.core:jackson-databind:2.16.1=compileClasspath,runtimeClasspath,testCompileClasspath,testRuntimeClasspath
com.fasterxml.jackson:jackson-bom:2.16.1=compileClasspath,runtimeClasspath,testCompileClasspath,testRuntimeClasspath
com.github.luben:zstd-jni:1.5.6-3=runtimeClasspath,testRuntimeClasspath
com.google.android:annotations:4.1.1.4=runtimeClasspath,testRuntimeClasspath
com.google.api.grpc:proto-google-common-protos:2.22.0=compileClasspath,runtimeClasspath,testCompileClasspath,testRuntimeClasspath
com.google.code.findbugs:jsr305:3.0.2=compileClasspath,runtimeClasspath,testCompileClasspath,testRuntimeClasspath
com.google.code.gson:gson:2.10.1=runtimeClasspath,testRuntimeClasspath
com.google.code.gson:gson:2.8.9=compileClasspath,testCompileClasspath
com.google.errorprone:error_prone_annotations:2.20.0=compileClasspath,runtimeClasspath,testCompileClasspath,testRuntimeClasspath
com.google.guava:failureaccess:1.0.1=compileClasspath,runtimeClasspath,testCompileClasspath,testRuntimeClasspath
com.google.guava:guava-parent:32.1.2-jre=compileClasspath,runtimeClasspath,testCompileClasspath,testRuntimeClasspath
com.google.guava:guava:32.1.2-jre=compileClasspath,runtimeClasspath,testCompileClasspath,testRuntimeClasspath
com.google.guava:listenablefuture:9999.0-empty-to-avoid-conflict-with-guava=compileClasspath,runtimeClasspath,testCompileClasspath,testRuntimeClasspath
com.google.j2objc:j2objc-annotations:2.8=compileClasspath,runtimeClasspath,testCompileClasspath,testRuntimeClasspath
com.google.protobuf:protobuf-java-util:3.25.5=compileClasspath,runtimeClasspath,testCompileClasspath,testRuntimeClasspath
com.google.protobuf:protobuf-java:3.25.5=compileClasspath,runtimeClasspath,testCompileClasspath,testRuntimeClasspath
com.typesafe:config:1.4.2=compileClasspath,runtimeClasspath,testCompileClasspath,testRuntimeClasspath
commons-io:commons-io:2.14.0=runtimeClasspath,testRuntimeClasspath
commons-logging:commons-logging:1.2=runtimeClasspath,testRuntimeClasspath
io.dropwizard.metrics:metrics-core:4.2.16=runtimeClasspath,testRuntimeClasspath
io.dropwizard.metrics:metrics-jvm:4.2.16=runtimeClasspath,testRuntimeClasspath
io.github.mweirauch:micrometer-jvm-extras:0.2.2=runtimeClasspath,testRuntimeClasspath
io.grpc:grpc-api:1.60.0=compileClasspath,runtimeClasspath,testCompileClasspath,testRuntimeClasspath
io.grpc:grpc-bom:1.60.0=compileClasspath,runtimeClasspath,testCompileClasspath,testRuntimeClasspath
io.grpc:grpc-context:1.60.0=runtimeClasspath,testCompileClasspath,testRuntimeClasspath
io.grpc:grpc-core:1.60.0=runtimeClasspath,testCompileClasspath,testRuntimeClasspath
io.grpc:grpc-inprocess:1.60.0=testCompileClasspath,testRuntimeClasspath
io.grpc:grpc-protobuf-lite:1.60.0=compileClasspath,runtimeClasspath,testCompileClasspath,testRuntimeClasspath
io.grpc:grpc-protobuf:1.60.0=compileClasspath,runtimeClasspath,testCompileClasspath,testRuntimeClasspath
io.grpc:grpc-stub:1.60.0=compileClasspath,runtimeClasspath,testCompileClasspath,testRuntimeClasspath
io.grpc:grpc-util:1.60.0=runtimeClasspath,testRuntimeClasspath
io.micrometer:micrometer-commons:1.10.2=runtimeClasspath,testRuntimeClasspath
io.micrometer:micrometer-core:1.10.2=runtimeClasspath,testRuntimeClasspath
io.micrometer:micrometer-observation:1.10.2=runtimeClasspath,testRuntimeClasspath
io.micrometer:micrometer-registry-prometheus:1.10.2=runtimeClasspath,testRuntimeClasspath
io.netty:netty-bom:4.1.108.Final=testCompileClasspath,testRuntimeClasspath
io.perfmark:perfmark-api:0.26.0=runtimeClasspath,testRuntimeClasspath
io.prometheus:simpleclient:0.16.0=runtimeClasspath,testRuntimeClasspath
io.prometheus:simpleclient_common:0.16.0=runtimeClasspath,testRuntimeClasspath
io.prometheus:simpleclient_dropwizard:0.12.0=runtimeClasspath,testRuntimeClasspath
io.prometheus:simpleclient_pushgateway:0.12.0=runtimeClasspath,testRuntimeClasspath
io.prometheus:simpleclient_servlet:0.12.0=runtimeClasspath,testRuntimeClasspath
io.prometheus:simpleclient_servlet_common:0.12.0=runtimeClasspath,testRuntimeClasspath
io.prometheus:simpleclient_tracer_common:0.16.0=runtimeClasspath,testRuntimeClasspath
io.prometheus:simpleclient_tracer_otel:0.16.0=runtimeClasspath,testRuntimeClasspath
io.prometheus:simpleclient_tracer_otel_agent:0.16.0=runtimeClasspath,testRuntimeClasspath
javax.annotation:javax.annotation-api:1.3.2=compileClasspath,runtimeClasspath,testCompileClasspath,testRuntimeClasspath
javax.servlet:javax.servlet-api:3.1.0=runtimeClasspath,testRuntimeClasspath
javax.xml.bind:jaxb-api:2.3.0=runtimeClasspath,testRuntimeClasspath
net.bytebuddy:byte-buddy-agent:1.14.10=testCompileClasspath,testRuntimeClasspath
net.bytebuddy:byte-buddy:1.14.10=testCompileClasspath,testRuntimeClasspath
net.jodah:failsafe:2.4.4=runtimeClasspath,testRuntimeClasspath
org.apache.commons:commons-collections4:4.4=runtimeClasspath,testRuntimeClasspath
org.apache.commons:commons-dbcp2:2.9.0=runtimeClasspath,testRuntimeClasspath
org.apache.commons:commons-lang3:3.12.0=runtimeClasspath,testRuntimeClasspath
org.apache.commons:commons-pool2:2.10.0=runtimeClasspath,testRuntimeClasspath
org.apache.kafka:kafka-clients:7.7.0-ccs=compileClasspath,runtimeClasspath,testCompileClasspath,testRuntimeClasspath
org.apiguardian:apiguardian-api:1.1.2=testCompileClasspath
org.checkerframework:checker-qual:3.33.0=compileClasspath,runtimeClasspath,testCompileClasspath,testRuntimeClasspath
org.codehaus.mojo:animal-sniffer-annotations:1.23=runtimeClasspath,testRuntimeClasspath
org.eclipse.jetty:jetty-http:9.4.56.v20240826=runtimeClasspath,testRuntimeClasspath
org.eclipse.jetty:jetty-io:9.4.56.v20240826=runtimeClasspath,testRuntimeClasspath
org.eclipse.jetty:jetty-security:9.4.56.v20240826=runtimeClasspath,testRuntimeClasspath
org.eclipse.jetty:jetty-server:9.4.56.v20240826=runtimeClasspath,testRuntimeClasspath
org.eclipse.jetty:jetty-servlet:9.4.56.v20240826=runtimeClasspath,testRuntimeClasspath
org.eclipse.jetty:jetty-util-ajax:9.4.56.v20240826=runtimeClasspath,testRuntimeClasspath
org.eclipse.jetty:jetty-util:9.4.56.v20240826=runtimeClasspath,testRuntimeClasspath
org.hdrhistogram:HdrHistogram:2.1.12=runtimeClasspath,testRuntimeClasspath
org.hypertrace.bom:hypertrace-bom:0.3.34=compileClasspath,runtimeClasspath,testCompileClasspath,testRuntimeClasspath
org.hypertrace.core.documentstore:document-store:0.7.68=compileClasspath,runtimeClasspath,testCompileClasspath,testRuntimeClasspath
org.hypertrace.core.eventstore:event-store:0.1.4=runtimeClasspath,testRuntimeClasspath
org.hypertrace.core.grpcutils:grpc-client-utils:0.13.6=testCompileClasspath,testRuntimeClasspath
org.hypertrace.core.grpcutils:grpc-context-utils:0.13.6=compileClasspath,runtimeClasspath,testCompileClasspath,testRuntimeClasspath
org.hypertrace.core.kafkastreams.framework:kafka-bom:0.5.1=compileClasspath,runtimeClasspath,testCompileClasspath,testRuntimeClasspath
org.hypertrace.core.serviceframework:docstore-metrics:0.1.80=compileClasspath,runtimeClasspath,testCompileClasspath,testRuntimeClasspath
org.hypertrace.core.serviceframework:platform-metrics:0.1.80=runtimeClasspath,testRuntimeClasspath
org.hypertrace.core.serviceframework:service-framework-spi:0.1.80=compileClasspath,runtimeClasspath,testCompileClasspath,testRuntimeClasspath
org.junit.jupiter:junit-jupiter-api:5.10.0=testCompileClasspath,testRuntimeClasspath
org.junit.jupiter:junit-jupiter-engine:5.10.0=testRuntimeClasspath
org.junit.jupiter:junit-jupiter-params:5.10.0=testCompileClasspath,testRuntimeClasspath
org.junit.jupiter:junit-jupiter:5.10.0=testCompileClasspath,testRuntimeClasspath
org.junit.platform:junit-platform-commons:1.10.0=testCompileClasspath,testRuntimeClasspath
org.junit.platform:junit-platform-engine:1.10.0=testRuntimeClasspath
org.junit:junit-bom:5.10.0=testCompileClasspath,testRuntimeClasspath
org.latencyutils:LatencyUtils:2.0.3=runtimeClasspath,testRuntimeClasspath
org.lz4:lz4-java:1.8.0=runtimeClasspath,testRuntimeClasspath
org.mockito:mockito-core:5.8.0=testCompileClasspath,testRuntimeClasspath
org.mongodb:bson-record-codec:4.9.0=runtimeClasspath,testRuntimeClasspath
org.mongodb:bson:4.9.0=runtimeClasspath,testRuntimeClasspath
org.mongodb:mongodb-driver-core:4.9.0=runtimeClasspath,testRuntimeClasspath
org.mongodb:mongodb-driver-sync:4.9.0=runtimeClasspath,testRuntimeClasspath
org.objenesis:objenesis:3.3=testRuntimeClasspath
org.opentest4j:opentest4j:1.3.0=testCompileClasspath,testRuntimeClasspath
org.postgresql:postgresql:42.5.5=runtimeClasspath,testRuntimeClasspath
org.projectlombok:lombok:1.18.30=annotationProcessor,compileClasspath
org.slf4j:slf4j-api:2.0.7=compileClasspath,runtimeClasspath,testCompileClasspath,testRuntimeClasspath
org.xerial.snappy:snappy-java:1.1.10.5=runtimeClasspath,testRuntimeClasspath
empty=
